
Microsoft Visual Studio Solution File, Format Version 12.00
# Visual Studio Version 16
VisualStudioVersion = 16.0.31515.178
MinimumVisualStudioVersion = 10.0.40219.1
Project("{8BC9CEB8-8B4A-11D0-8D11-00A0C91BC942}") = "Macro", "Macro\Macro.vcxproj", "{6EAD7D62-1649-442B-827F-3E7FCF356B0D}"
EndProject
Project("{8BC9CEB8-8B4A-11D0-8D11-00A0C91BC942}") = "Objectpool", "Objectpool\Objectpool.vcxproj", "{DB81FEF9-7E27-4E59-84A9-9FAB5C20A0F0}"
EndProject
Project("{8BC9CEB8-8B4A-11D0-8D11-00A0C91BC942}") = "Prototype", "Prototype\Prototype.vcxproj", "{2759A331-2BAD-49D4-8187-1D10A2304E03}"
EndProject
Project("{8BC9CEB8-8B4A-11D0-8D11-00A0C91BC942}") = "Pattern", "Pattern\Pattern.vcxproj", "{CC192DE3-9E8F-475C-B5E4-A92AF6F994C6}"
EndProject
Project("{2150E333-8FDC-42A3-9474-1A3956D46DE8}") = "Common", "Common", "{358375B3-EB81-49D2-93CB-895BC5031F88}"
	ProjectSection(SolutionItems) = preProject
		Common\Headers.h = Common\Headers.h
		Common\Struct.h = Common\Struct.h
	EndProjectSection
EndProject
Global
	GlobalSection(SolutionConfigurationPlatforms) = preSolution
		Debug|x64 = Debug|x64
		Debug|x86 = Debug|x86
		Release|x64 = Release|x64
		Release|x86 = Release|x86
	EndGlobalSection
	GlobalSection(ProjectConfigurationPlatforms) = postSolution
		{6EAD7D62-1649-442B-827F-3E7FCF356B0D}.Debug|x64.ActiveCfg = Debug|x64
		{6EAD7D62-1649-442B-827F-3E7FCF356B0D}.Debug|x64.Build.0 = Debug|x64
		{6EAD7D62-1649-442B-827F-3E7FCF356B0D}.Debug|x86.ActiveCfg = Debug|Win32
		{6EAD7D62-1649-442B-827F-3E7FCF356B0D}.Debug|x86.Build.0 = Debug|Win32
		{6EAD7D62-1649-442B-827F-3E7FCF356B0D}.Release|x64.ActiveCfg = Release|x64
		{6EAD7D62-1649-442B-827F-3E7FCF356B0D}.Release|x64.Build.0 = Release|x64
		{6EAD7D62-1649-442B-827F-3E7FCF356B0D}.Release|x86.ActiveCfg = Release|Win32
		{6EAD7D62-1649-442B-827F-3E7FCF356B0D}.Release|x86.Build.0 = Release|Win32
		{DB81FEF9-7E27-4E59-84A9-9FAB5C20A0F0}.Debug|x64.ActiveCfg = Debug|x64
		{DB81FEF9-7E27-4E59-84A9-9FAB5C20A0F0}.Debug|x64.Build.0 = Debug|x64
		{DB81FEF9-7E27-4E59-84A9-9FAB5C20A0F0}.Debug|x86.ActiveCfg = Debug|Win32
		{DB81FEF9-7E27-4E59-84A9-9FAB5C20A0F0}.Debug|x86.Build.0 = Debug|Win32
		{DB81FEF9-7E27-4E59-84A9-9FAB5C20A0F0}.Release|x64.ActiveCfg = Release|x64
		{DB81FEF9-7E27-4E59-84A9-9FAB5C20A0F0}.Release|x64.Build.0 = Release|x64
		{DB81FEF9-7E27-4E59-84A9-9FAB5C20A0F0}.Release|x86.ActiveCfg = Release|Win32
		{DB81FEF9-7E27-4E59-84A9-9FAB5C20A0F0}.Release|x86.Build.0 = Release|Win32
		{2759A331-2BAD-49D4-8187-1D10A2304E03}.Debug|x64.ActiveCfg = Debug|x64
		{2759A331-2BAD-49D4-8187-1D10A2304E03}.Debug|x64.Build.0 = Debug|x64
		{2759A331-2BAD-49D4-8187-1D10A2304E03}.Debug|x86.ActiveCfg = Debug|Win32
		{2759A331-2BAD-49D4-8187-1D10A2304E03}.Debug|x86.Build.0 = Debug|Win32
		{2759A331-2BAD-49D4-8187-1D10A2304E03}.Release|x64.ActiveCfg = Release|x64
		{2759A331-2BAD-49D4-8187-1D10A2304E03}.Release|x64.Build.0 = Release|x64
		{2759A331-2BAD-49D4-8187-1D10A2304E03}.Release|x86.ActiveCfg = Release|Win32
		{2759A331-2BAD-49D4-8187-1D10A2304E03}.Release|x86.Build.0 = Release|Win32
		{CC192DE3-9E8F-475C-B5E4-A92AF6F994C6}.Debug|x64.ActiveCfg = Debug|x64
		{CC192DE3-9E8F-475C-B5E4-A92AF6F994C6}.Debug|x64.Build.0 = Debug|x64
		{CC192DE3-9E8F-475C-B5E4-A92AF6F994C6}.Debug|x86.ActiveCfg = Debug|Win32
		{CC192DE3-9E8F-475C-B5E4-A92AF6F994C6}.Debug|x86.Build.0 = Debug|Win32
		{CC192DE3-9E8F-475C-B5E4-A92AF6F994C6}.Release|x64.ActiveCfg = Release|x64
		{CC192DE3-9E8F-475C-B5E4-A92AF6F994C6}.Release|x64.Build.0 = Release|x64
		{CC192DE3-9E8F-475C-B5E4-A92AF6F994C6}.Release|x86.ActiveCfg = Release|Win32
		{CC192DE3-9E8F-475C-B5E4-A92AF6F994C6}.Release|x86.Build.0 = Release|Win32
	EndGlobalSection
	GlobalSection(SolutionProperties) = preSolution
		HideSolutionNode = FALSE
	EndGlobalSection
	GlobalSection(ExtensibilityGlobals) = postSolution
		SolutionGuid = {8D64CF8F-4D95-4929-90D8-3A7470D3D056}
	EndGlobalSection
EndGlobal
